
Microsoft Visual Studio Solution File, Format Version 12.00
# Visual Studio Version 17
VisualStudioVersion = 17.1.32414.318
MinimumVisualStudioVersion = 10.0.40219.1
Project("{FAE04EC0-301F-11D3-BF4B-00C04F79EFBC}") = "get-all-permission-for-user", "get-all-permission-for-user\get-all-permission-for-user.csproj", "{D6B0AAEA-3336-4342-9442-A180D65CC75F}"
EndProject
Global
	GlobalSection(SolutionConfigurationPlatforms) = preSolution
		Debug|Any CPU = Debug|Any CPU
		Release|Any CPU = Release|Any CPU
	EndGlobalSection
	GlobalSection(ProjectConfigurationPlatforms) = postSolution
		{D6B0AAEA-3336-4342-9442-A180D65CC75F}.Debug|Any CPU.ActiveCfg = Debug|Any CPU
		{D6B0AAEA-3336-4342-9442-A180D65CC75F}.Debug|Any CPU.Build.0 = Debug|Any CPU
		{D6B0AAEA-3336-4342-9442-A180D65CC75F}.Release|Any CPU.ActiveCfg = Release|Any CPU
		{D6B0AAEA-3336-4342-9442-A180D65CC75F}.Release|Any CPU.Build.0 = Release|Any CPU
	EndGlobalSection
	GlobalSection(SolutionProperties) = preSolution
		HideSolutionNode = FALSE
	EndGlobalSection
	GlobalSection(ExtensibilityGlobals) = postSolution
		SolutionGuid = {E11A5AE2-F0C8-477D-A6F4-13994D916575}
	EndGlobalSection
EndGlobal
